{
  "requires": true,
  "lockfileVersion": 1,
  "dependencies": {
    "async": {
      "version": "0.8.0",
      "resolved": "https://registry.npmjs.org/async/-/async-0.8.0.tgz",
      "integrity": "sha1-7mXsdymML/FFa8RBigUtDwZDURI="
    },
    "debug": {
      "version": "0.8.1",
      "resolved": "https://registry.npmjs.org/debug/-/debug-0.8.1.tgz",
      "integrity": "sha1-IP9NJvXkIstoobrLu2EDmtjBwTA="
    },
    "lodash": {
      "version": "4.17.5",
      "resolved": "https://registry.npmjs.org/lodash/-/lodash-4.17.5.tgz",
      "integrity": "sha512-svL3uiZf1RwhH+cWrfZn3A4+U58wbP0tGVTLQPbjplZxZ8ROD9VLuNgsRniTlLe7OlSqR79RUehXgpBW/s0IQw=="
    },
    "o-mapper": {
      "version": "0.1.3",
      "resolved": "https://registry.npmjs.org/o-mapper/-/o-mapper-0.1.3.tgz",
      "integrity": "sha1-Z4jeNMPz+WMhxq2wnW0ZP44XLvc="
    },
    "pi-pir-sensor": {
      "version": "0.0.3",
      "resolved": "https://registry.npmjs.org/pi-pir-sensor/-/pi-pir-sensor-0.0.3.tgz",
      "integrity": "sha1-sL7pIvC9uFNUt30EgwH4UM7pm0g=",
      "requires": {
        "o-mapper": "0.1.3",
        "rpi-gpio": "0.5.2"
      }
    },
    "raspicam": {
      "version": "0.2.14",
      "resolved": "https://registry.npmjs.org/raspicam/-/raspicam-0.2.14.tgz",
      "integrity": "sha1-fJamEgdHXJ/RBcN87q29XQCMFTU=",
      "requires": {
        "lodash": "4.17.5"
      }
    },
    "rpi-gpio": {
      "version": "0.5.2",
      "resolved": "https://registry.npmjs.org/rpi-gpio/-/rpi-gpio-0.5.2.tgz",
      "integrity": "sha1-h7eYgKcZ+oNFQURcLbFam8Yk7vw=",
      "requires": {
        "async": "0.8.0",
        "debug": "0.8.1"
      }
    }
  }
}
